// !$*UTF8*$!
{
	archiveVersion = 1;
	classes = {
	};
	objectVersion = 46;
	objects = {

/* Begin PBXBuildFile section */
		13265E343DDFD41EF61753BF /* Pods_SRCoreDataStack_Example.framework in Frameworks */ = {isa = PBXBuildFile; fileRef = 759836724C93FA0E7448AEE8 /* Pods_SRCoreDataStack_Example.framework */; };
		6003F58E195388D20070C39A /* Foundation.framework in Frameworks */ = {isa = PBXBuildFile; fileRef = 6003F58D195388D20070C39A /* Foundation.framework */; };
		6003F590195388D20070C39A /* CoreGraphics.framework in Frameworks */ = {isa = PBXBuildFile; fileRef = 6003F58F195388D20070C39A /* CoreGraphics.framework */; };
		6003F592195388D20070C39A /* UIKit.framework in Frameworks */ = {isa = PBXBuildFile; fileRef = 6003F591195388D20070C39A /* UIKit.framework */; };
		6003F598195388D20070C39A /* InfoPlist.strings in Resources */ = {isa = PBXBuildFile; fileRef = 6003F596195388D20070C39A /* InfoPlist.strings */; };
		6003F59A195388D20070C39A /* main.m in Sources */ = {isa = PBXBuildFile; fileRef = 6003F599195388D20070C39A /* main.m */; };
		6003F59E195388D20070C39A /* AppDelegate.m in Sources */ = {isa = PBXBuildFile; fileRef = 6003F59D195388D20070C39A /* AppDelegate.m */; };
		6003F5A9195388D20070C39A /* Images.xcassets in Resources */ = {isa = PBXBuildFile; fileRef = 6003F5A8195388D20070C39A /* Images.xcassets */; };
		7F3E74291CAAE24700C3D920 /* Movie.m in Sources */ = {isa = PBXBuildFile; fileRef = 7F3E74281CAAE24700C3D920 /* Movie.m */; };
		7F3E742C1CAAE25700C3D920 /* MovieGenre.m in Sources */ = {isa = PBXBuildFile; fileRef = 7F3E742B1CAAE25700C3D920 /* MovieGenre.m */; };
		7F3E742F1CAAE32400C3D920 /* MovieViewController.m in Sources */ = {isa = PBXBuildFile; fileRef = 7F3E742E1CAAE32400C3D920 /* MovieViewController.m */; };
		7F3E74321CAAE56500C3D920 /* FetchedResultsDelegate.m in Sources */ = {isa = PBXBuildFile; fileRef = 7F3E74311CAAE56500C3D920 /* FetchedResultsDelegate.m */; };
		7F8623581C9EDC2900C2429B /* LaunchScreen.storyboard in Resources */ = {isa = PBXBuildFile; fileRef = 7F8623571C9EDC2900C2429B /* LaunchScreen.storyboard */; };
		7F86235C1C9EDD2000C2429B /* Example.xcdatamodeld in Sources */ = {isa = PBXBuildFile; fileRef = 7F86235A1C9EDD2000C2429B /* Example.xcdatamodeld */; };
		7F86235F1C9EF03B00C2429B /* BaseNetworking.m in Sources */ = {isa = PBXBuildFile; fileRef = 7F86235E1C9EF03B00C2429B /* BaseNetworking.m */; };
		7FFCD7C31DC5F21E001DE94D /* TesterStack.m in Sources */ = {isa = PBXBuildFile; fileRef = 7FFCD7C21DC5F21E001DE94D /* TesterStack.m */; };
		7FFCD7C61DC5F25B001DE94D /* Tester.xcdatamodeld in Sources */ = {isa = PBXBuildFile; fileRef = 7FFCD7C41DC5F25B001DE94D /* Tester.xcdatamodeld */; };
		7FFCD7CC1DC63883001DE94D /* IntrospectTests.m in Sources */ = {isa = PBXBuildFile; fileRef = 7FFCD7CB1DC63883001DE94D /* IntrospectTests.m */; };
		873B8AEB1B1F5CCA007FD442 /* Main.storyboard in Resources */ = {isa = PBXBuildFile; fileRef = 873B8AEA1B1F5CCA007FD442 /* Main.storyboard */; };
		E74E0FCB47AF11F9EDDAA353 /* Pods_SRCoreDataStack_ExampleTests.framework in Frameworks */ = {isa = PBXBuildFile; fileRef = 80F337C76D9F82B3CEE87B2E /* Pods_SRCoreDataStack_ExampleTests.framework */; };
/* End PBXBuildFile section */

/* Begin PBXContainerItemProxy section */
		7FFCD7BC1DC5F0FD001DE94D /* PBXContainerItemProxy */ = {
			isa = PBXContainerItemProxy;
			containerPortal = 6003F582195388D10070C39A /* Project object */;
			proxyType = 1;
			remoteGlobalIDString = 6003F589195388D20070C39A;
			remoteInfo = SRCoreDataStack_Example;
		};
/* End PBXContainerItemProxy section */

/* Begin PBXFileReference section */
		038D508E68DED0DD44CB74EA /* Pods-SRCoreDataStack_Example.debug.xcconfig */ = {isa = PBXFileReference; includeInIndex = 1; lastKnownFileType = text.xcconfig; name = "Pods-SRCoreDataStack_Example.debug.xcconfig"; path = "Pods/Target Support Files/Pods-SRCoreDataStack_Example/Pods-SRCoreDataStack_Example.debug.xcconfig"; sourceTree = "<group>"; };
		079C67B42ED693120BB9C190 /* Pods_SRCoreDataStack_Tests.framework */ = {isa = PBXFileReference; explicitFileType = wrapper.framework; includeInIndex = 0; path = Pods_SRCoreDataStack_Tests.framework; sourceTree = BUILT_PRODUCTS_DIR; };
		0D8822FC36972A5AA3196211 /* LICENSE */ = {isa = PBXFileReference; includeInIndex = 1; lastKnownFileType = text; name = LICENSE; path = ../LICENSE; sourceTree = "<group>"; };
		29B5EAC6AE718242906F769E /* SRCoreDataStack.podspec */ = {isa = PBXFileReference; includeInIndex = 1; lastKnownFileType = text; name = SRCoreDataStack.podspec; path = ../SRCoreDataStack.podspec; sourceTree = "<group>"; };
		547EB030D277F3816A9BEDDE /* Pods-SRCoreDataStack_ExampleTests.debug.xcconfig */ = {isa = PBXFileReference; includeInIndex = 1; lastKnownFileType = text.xcconfig; name = "Pods-SRCoreDataStack_ExampleTests.debug.xcconfig"; path = "Pods/Target Support Files/Pods-SRCoreDataStack_ExampleTests/Pods-SRCoreDataStack_ExampleTests.debug.xcconfig"; sourceTree = "<group>"; };
		5F2447D01AC42D890C452F5A /* README.md */ = {isa = PBXFileReference; includeInIndex = 1; lastKnownFileType = net.daringfireball.markdown; name = README.md; path = ../README.md; sourceTree = "<group>"; };
		6003F58A195388D20070C39A /* SRCoreDataStack_Example.app */ = {isa = PBXFileReference; explicitFileType = wrapper.application; includeInIndex = 0; path = SRCoreDataStack_Example.app; sourceTree = BUILT_PRODUCTS_DIR; };
		6003F58D195388D20070C39A /* Foundation.framework */ = {isa = PBXFileReference; lastKnownFileType = wrapper.framework; name = Foundation.framework; path = System/Library/Frameworks/Foundation.framework; sourceTree = SDKROOT; };
		6003F58F195388D20070C39A /* CoreGraphics.framework */ = {isa = PBXFileReference; lastKnownFileType = wrapper.framework; name = CoreGraphics.framework; path = System/Library/Frameworks/CoreGraphics.framework; sourceTree = SDKROOT; };
		6003F591195388D20070C39A /* UIKit.framework */ = {isa = PBXFileReference; lastKnownFileType = wrapper.framework; name = UIKit.framework; path = System/Library/Frameworks/UIKit.framework; sourceTree = SDKROOT; };
		6003F595195388D20070C39A /* SRCoreDataStack-Info.plist */ = {isa = PBXFileReference; lastKnownFileType = text.plist.xml; path = "SRCoreDataStack-Info.plist"; sourceTree = "<group>"; };
		6003F597195388D20070C39A /* en */ = {isa = PBXFileReference; lastKnownFileType = text.plist.strings; name = en; path = en.lproj/InfoPlist.strings; sourceTree = "<group>"; };
		6003F599195388D20070C39A /* main.m */ = {isa = PBXFileReference; lastKnownFileType = sourcecode.c.objc; path = main.m; sourceTree = "<group>"; };
		6003F59B195388D20070C39A /* SRCoreDataStack-Prefix.pch */ = {isa = PBXFileReference; lastKnownFileType = sourcecode.c.h; path = "SRCoreDataStack-Prefix.pch"; sourceTree = "<group>"; };
		6003F59C195388D20070C39A /* AppDelegate.h */ = {isa = PBXFileReference; lastKnownFileType = sourcecode.c.h; path = AppDelegate.h; sourceTree = "<group>"; };
		6003F59D195388D20070C39A /* AppDelegate.m */ = {isa = PBXFileReference; lastKnownFileType = sourcecode.c.objc; path = AppDelegate.m; sourceTree = "<group>"; };
		6003F5A8195388D20070C39A /* Images.xcassets */ = {isa = PBXFileReference; lastKnownFileType = folder.assetcatalog; path = Images.xcassets; sourceTree = "<group>"; };
		6003F5AF195388D20070C39A /* XCTest.framework */ = {isa = PBXFileReference; lastKnownFileType = wrapper.framework; name = XCTest.framework; path = Library/Frameworks/XCTest.framework; sourceTree = DEVELOPER_DIR; };
		6A637F5AC18041542099F6C7 /* Pods_SRCoreDataStack_Example_SRCoreDataStack_Tests.framework */ = {isa = PBXFileReference; explicitFileType = wrapper.framework; includeInIndex = 0; path = Pods_SRCoreDataStack_Example_SRCoreDataStack_Tests.framework; sourceTree = BUILT_PRODUCTS_DIR; };
		759836724C93FA0E7448AEE8 /* Pods_SRCoreDataStack_Example.framework */ = {isa = PBXFileReference; explicitFileType = wrapper.framework; includeInIndex = 0; path = Pods_SRCoreDataStack_Example.framework; sourceTree = BUILT_PRODUCTS_DIR; };
		7F3E74271CAAE24700C3D920 /* Movie.h */ = {isa = PBXFileReference; fileEncoding = 4; lastKnownFileType = sourcecode.c.h; path = Movie.h; sourceTree = "<group>"; };
		7F3E74281CAAE24700C3D920 /* Movie.m */ = {isa = PBXFileReference; fileEncoding = 4; lastKnownFileType = sourcecode.c.objc; path = Movie.m; sourceTree = "<group>"; };
		7F3E742A1CAAE25700C3D920 /* MovieGenre.h */ = {isa = PBXFileReference; fileEncoding = 4; lastKnownFileType = sourcecode.c.h; path = MovieGenre.h; sourceTree = "<group>"; };
		7F3E742B1CAAE25700C3D920 /* MovieGenre.m */ = {isa = PBXFileReference; fileEncoding = 4; lastKnownFileType = sourcecode.c.objc; path = MovieGenre.m; sourceTree = "<group>"; };
		7F3E742D1CAAE32400C3D920 /* MovieViewController.h */ = {isa = PBXFileReference; fileEncoding = 4; lastKnownFileType = sourcecode.c.h; path = MovieViewController.h; sourceTree = "<group>"; };
		7F3E742E1CAAE32400C3D920 /* MovieViewController.m */ = {isa = PBXFileReference; fileEncoding = 4; lastKnownFileType = sourcecode.c.objc; path = MovieViewController.m; sourceTree = "<group>"; };
		7F3E74301CAAE56500C3D920 /* FetchedResultsDelegate.h */ = {isa = PBXFileReference; fileEncoding = 4; lastKnownFileType = sourcecode.c.h; path = FetchedResultsDelegate.h; sourceTree = "<group>"; };
		7F3E74311CAAE56500C3D920 /* FetchedResultsDelegate.m */ = {isa = PBXFileReference; fileEncoding = 4; lastKnownFileType = sourcecode.c.objc; path = FetchedResultsDelegate.m; sourceTree = "<group>"; };
		7F8623571C9EDC2900C2429B /* LaunchScreen.storyboard */ = {isa = PBXFileReference; fileEncoding = 4; lastKnownFileType = file.storyboard; path = LaunchScreen.storyboard; sourceTree = "<group>"; };
		7F86235B1C9EDD2000C2429B /* Example.xcdatamodel */ = {isa = PBXFileReference; lastKnownFileType = wrapper.xcdatamodel; path = Example.xcdatamodel; sourceTree = "<group>"; };
		7F86235D1C9EF03B00C2429B /* BaseNetworking.h */ = {isa = PBXFileReference; fileEncoding = 4; lastKnownFileType = sourcecode.c.h; path = BaseNetworking.h; sourceTree = "<group>"; };
		7F86235E1C9EF03B00C2429B /* BaseNetworking.m */ = {isa = PBXFileReference; fileEncoding = 4; lastKnownFileType = sourcecode.c.objc; path = BaseNetworking.m; sourceTree = "<group>"; };
		7FFCD7B71DC5F0FD001DE94D /* SRCoreDataStack_ExampleTests.xctest */ = {isa = PBXFileReference; explicitFileType = wrapper.cfbundle; includeInIndex = 0; path = SRCoreDataStack_ExampleTests.xctest; sourceTree = BUILT_PRODUCTS_DIR; };
		7FFCD7BB1DC5F0FD001DE94D /* Info.plist */ = {isa = PBXFileReference; lastKnownFileType = text.plist.xml; path = Info.plist; sourceTree = "<group>"; };
		7FFCD7C11DC5F21E001DE94D /* TesterStack.h */ = {isa = PBXFileReference; fileEncoding = 4; lastKnownFileType = sourcecode.c.h; path = TesterStack.h; sourceTree = "<group>"; };
		7FFCD7C21DC5F21E001DE94D /* TesterStack.m */ = {isa = PBXFileReference; fileEncoding = 4; lastKnownFileType = sourcecode.c.objc; path = TesterStack.m; sourceTree = "<group>"; };
		7FFCD7C51DC5F25B001DE94D /* Tester.xcdatamodel */ = {isa = PBXFileReference; lastKnownFileType = wrapper.xcdatamodel; path = Tester.xcdatamodel; sourceTree = "<group>"; };
		7FFCD7CB1DC63883001DE94D /* IntrospectTests.m */ = {isa = PBXFileReference; fileEncoding = 4; lastKnownFileType = sourcecode.c.objc; path = IntrospectTests.m; sourceTree = "<group>"; };
		80F337C76D9F82B3CEE87B2E /* Pods_SRCoreDataStack_ExampleTests.framework */ = {isa = PBXFileReference; explicitFileType = wrapper.framework; includeInIndex = 0; path = Pods_SRCoreDataStack_ExampleTests.framework; sourceTree = BUILT_PRODUCTS_DIR; };
		873B8AEA1B1F5CCA007FD442 /* Main.storyboard */ = {isa = PBXFileReference; fileEncoding = 4; lastKnownFileType = file.storyboard; path = Main.storyboard; sourceTree = "<group>"; };
		A21B6E63667D7B9CA9A9B643 /* Pods-SRCoreDataStack_Example.release.xcconfig */ = {isa = PBXFileReference; includeInIndex = 1; lastKnownFileType = text.xcconfig; name = "Pods-SRCoreDataStack_Example.release.xcconfig"; path = "Pods/Target Support Files/Pods-SRCoreDataStack_Example/Pods-SRCoreDataStack_Example.release.xcconfig"; sourceTree = "<group>"; };
		D8D86FC0832DD0B5F36CBA60 /* Pods-SRCoreDataStack_ExampleTests.release.xcconfig */ = {isa = PBXFileReference; includeInIndex = 1; lastKnownFileType = text.xcconfig; name = "Pods-SRCoreDataStack_ExampleTests.release.xcconfig"; path = "Pods/Target Support Files/Pods-SRCoreDataStack_ExampleTests/Pods-SRCoreDataStack_ExampleTests.release.xcconfig"; sourceTree = "<group>"; };
/* End PBXFileReference section */

/* Begin PBXFrameworksBuildPhase section */
		6003F587195388D20070C39A /* Frameworks */ = {
			isa = PBXFrameworksBuildPhase;
			buildActionMask = 2147483647;
			files = (
				6003F590195388D20070C39A /* CoreGraphics.framework in Frameworks */,
				6003F592195388D20070C39A /* UIKit.framework in Frameworks */,
				6003F58E195388D20070C39A /* Foundation.framework in Frameworks */,
				13265E343DDFD41EF61753BF /* Pods_SRCoreDataStack_Example.framework in Frameworks */,
			);
			runOnlyForDeploymentPostprocessing = 0;
		};
		7FFCD7B41DC5F0FD001DE94D /* Frameworks */ = {
			isa = PBXFrameworksBuildPhase;
			buildActionMask = 2147483647;
			files = (
				E74E0FCB47AF11F9EDDAA353 /* Pods_SRCoreDataStack_ExampleTests.framework in Frameworks */,
			);
			runOnlyForDeploymentPostprocessing = 0;
		};
/* End PBXFrameworksBuildPhase section */

/* Begin PBXGroup section */
		6003F581195388D10070C39A = {
			isa = PBXGroup;
			children = (
				60FF7A9C1954A5C5007DD14C /* Podspec Metadata */,
				6003F593195388D20070C39A /* Example for SRCoreDataStack */,
				7FFCD7B81DC5F0FD001DE94D /* SRCoreDataStack_ExampleTests */,
				6003F58C195388D20070C39A /* Frameworks */,
				6003F58B195388D20070C39A /* Products */,
				7F737963B34EB4CB9D13CD7D /* Pods */,
			);
			sourceTree = "<group>";
		};
		6003F58B195388D20070C39A /* Products */ = {
			isa = PBXGroup;
			children = (
				6003F58A195388D20070C39A /* SRCoreDataStack_Example.app */,
				7FFCD7B71DC5F0FD001DE94D /* SRCoreDataStack_ExampleTests.xctest */,
			);
			name = Products;
			sourceTree = "<group>";
		};
		6003F58C195388D20070C39A /* Frameworks */ = {
			isa = PBXGroup;
			children = (
				6003F58D195388D20070C39A /* Foundation.framework */,
				6003F58F195388D20070C39A /* CoreGraphics.framework */,
				6003F591195388D20070C39A /* UIKit.framework */,
				6003F5AF195388D20070C39A /* XCTest.framework */,
				759836724C93FA0E7448AEE8 /* Pods_SRCoreDataStack_Example.framework */,
				079C67B42ED693120BB9C190 /* Pods_SRCoreDataStack_Tests.framework */,
				6A637F5AC18041542099F6C7 /* Pods_SRCoreDataStack_Example_SRCoreDataStack_Tests.framework */,
				80F337C76D9F82B3CEE87B2E /* Pods_SRCoreDataStack_ExampleTests.framework */,
			);
			name = Frameworks;
			sourceTree = "<group>";
		};
		6003F593195388D20070C39A /* Example for SRCoreDataStack */ = {
			isa = PBXGroup;
			children = (
				7F3E74341CAB050C00C3D920 /* Networking */,
				7F3E74331CAB04F900C3D920 /* Core Data */,
				6003F59C195388D20070C39A /* AppDelegate.h */,
				6003F59D195388D20070C39A /* AppDelegate.m */,
				7F3E74301CAAE56500C3D920 /* FetchedResultsDelegate.h */,
				7F3E74311CAAE56500C3D920 /* FetchedResultsDelegate.m */,
				7F3E742D1CAAE32400C3D920 /* MovieViewController.h */,
				7F3E742E1CAAE32400C3D920 /* MovieViewController.m */,
				6003F594195388D20070C39A /* Supporting Files */,
			);
			name = "Example for SRCoreDataStack";
			path = SRCoreDataStack;
			sourceTree = "<group>";
		};
		6003F594195388D20070C39A /* Supporting Files */ = {
			isa = PBXGroup;
			children = (
				873B8AEA1B1F5CCA007FD442 /* Main.storyboard */,
				6003F5A8195388D20070C39A /* Images.xcassets */,
				7F8623571C9EDC2900C2429B /* LaunchScreen.storyboard */,
				6003F595195388D20070C39A /* SRCoreDataStack-Info.plist */,
				6003F596195388D20070C39A /* InfoPlist.strings */,
				6003F599195388D20070C39A /* main.m */,
				6003F59B195388D20070C39A /* SRCoreDataStack-Prefix.pch */,
			);
			name = "Supporting Files";
			sourceTree = "<group>";
		};
		60FF7A9C1954A5C5007DD14C /* Podspec Metadata */ = {
			isa = PBXGroup;
			children = (
				29B5EAC6AE718242906F769E /* SRCoreDataStack.podspec */,
				5F2447D01AC42D890C452F5A /* README.md */,
				0D8822FC36972A5AA3196211 /* LICENSE */,
			);
			name = "Podspec Metadata";
			sourceTree = "<group>";
		};
		7F3E74331CAB04F900C3D920 /* Core Data */ = {
			isa = PBXGroup;
			children = (
				7F86235A1C9EDD2000C2429B /* Example.xcdatamodeld */,
				7F3E74271CAAE24700C3D920 /* Movie.h */,
				7F3E74281CAAE24700C3D920 /* Movie.m */,
				7F3E742A1CAAE25700C3D920 /* MovieGenre.h */,
				7F3E742B1CAAE25700C3D920 /* MovieGenre.m */,
			);
			name = "Core Data";
			sourceTree = "<group>";
		};
		7F3E74341CAB050C00C3D920 /* Networking */ = {
			isa = PBXGroup;
			children = (
				7F86235D1C9EF03B00C2429B /* BaseNetworking.h */,
				7F86235E1C9EF03B00C2429B /* BaseNetworking.m */,
			);
			name = Networking;
			sourceTree = "<group>";
		};
		7F737963B34EB4CB9D13CD7D /* Pods */ = {
			isa = PBXGroup;
			children = (
				038D508E68DED0DD44CB74EA /* Pods-SRCoreDataStack_Example.debug.xcconfig */,
				A21B6E63667D7B9CA9A9B643 /* Pods-SRCoreDataStack_Example.release.xcconfig */,
				547EB030D277F3816A9BEDDE /* Pods-SRCoreDataStack_ExampleTests.debug.xcconfig */,
				D8D86FC0832DD0B5F36CBA60 /* Pods-SRCoreDataStack_ExampleTests.release.xcconfig */,
			);
			name = Pods;
			sourceTree = "<group>";
		};
		7FFCD7B81DC5F0FD001DE94D /* SRCoreDataStack_ExampleTests */ = {
			isa = PBXGroup;
			children = (
				7FFCD7C11DC5F21E001DE94D /* TesterStack.h */,
				7FFCD7C21DC5F21E001DE94D /* TesterStack.m */,
				7FFCD7C41DC5F25B001DE94D /* Tester.xcdatamodeld */,
				7FFCD7CB1DC63883001DE94D /* IntrospectTests.m */,
				7FFCD7BB1DC5F0FD001DE94D /* Info.plist */,
			);
			path = SRCoreDataStack_ExampleTests;
			sourceTree = "<group>";
		};
/* End PBXGroup section */

/* Begin PBXNativeTarget section */
		6003F589195388D20070C39A /* SRCoreDataStack_Example */ = {
			isa = PBXNativeTarget;
			buildConfigurationList = 6003F5BF195388D20070C39A /* Build configuration list for PBXNativeTarget "SRCoreDataStack_Example" */;
			buildPhases = (
				3BA433024D7939F59F72D78B /* [CP] Check Pods Manifest.lock */,
				6003F586195388D20070C39A /* Sources */,
				6003F587195388D20070C39A /* Frameworks */,
				6003F588195388D20070C39A /* Resources */,
				A1CDD90328F067AE8EA35839 /* [CP] Embed Pods Frameworks */,
				2CD25F1AD5A2A88FE74FC22C /* [CP] Copy Pods Resources */,
			);
			buildRules = (
			);
			dependencies = (
			);
			name = SRCoreDataStack_Example;
			productName = SRCoreDataStack;
			productReference = 6003F58A195388D20070C39A /* SRCoreDataStack_Example.app */;
			productType = "com.apple.product-type.application";
		};
		7FFCD7B61DC5F0FD001DE94D /* SRCoreDataStack_ExampleTests */ = {
			isa = PBXNativeTarget;
			buildConfigurationList = 7FFCD7C01DC5F0FD001DE94D /* Build configuration list for PBXNativeTarget "SRCoreDataStack_ExampleTests" */;
			buildPhases = (
				9A1D613ED02F31F52DBB5E7B /* [CP] Check Pods Manifest.lock */,
				7FFCD7B31DC5F0FD001DE94D /* Sources */,
				7FFCD7B41DC5F0FD001DE94D /* Frameworks */,
				7FFCD7B51DC5F0FD001DE94D /* Resources */,
				FDC2D712BAF2EA5C3E19EA18 /* [CP] Embed Pods Frameworks */,
				4C5C5A8F6B1C6CED3F2D7214 /* [CP] Copy Pods Resources */,
			);
			buildRules = (
			);
			dependencies = (
				7FFCD7BD1DC5F0FD001DE94D /* PBXTargetDependency */,
			);
			name = SRCoreDataStack_ExampleTests;
			productName = SRCoreDataStack_ExampleTests;
			productReference = 7FFCD7B71DC5F0FD001DE94D /* SRCoreDataStack_ExampleTests.xctest */;
			productType = "com.apple.product-type.bundle.unit-test";
		};
/* End PBXNativeTarget section */

/* Begin PBXProject section */
		6003F582195388D10070C39A /* Project object */ = {
			isa = PBXProject;
			attributes = {
				CLASSPREFIX = SR;
				LastUpgradeCheck = 0720;
				ORGANIZATIONNAME = "Sardorbek Ruzmatov";
				TargetAttributes = {
					7FFCD7B61DC5F0FD001DE94D = {
						CreatedOnToolsVersion = 8.1;
						ProvisioningStyle = Automatic;
						TestTargetID = 6003F589195388D20070C39A;
					};
				};
			};
			buildConfigurationList = 6003F585195388D10070C39A /* Build configuration list for PBXProject "SRCoreDataStack" */;
			compatibilityVersion = "Xcode 3.2";
			developmentRegion = English;
			hasScannedForEncodings = 0;
			knownRegions = (
				en,
				Base,
			);
			mainGroup = 6003F581195388D10070C39A;
			productRefGroup = 6003F58B195388D20070C39A /* Products */;
			projectDirPath = "";
			projectRoot = "";
			targets = (
				6003F589195388D20070C39A /* SRCoreDataStack_Example */,
				7FFCD7B61DC5F0FD001DE94D /* SRCoreDataStack_ExampleTests */,
			);
		};
/* End PBXProject section */

/* Begin PBXResourcesBuildPhase section */
		6003F588195388D20070C39A /* Resources */ = {
			isa = PBXResourcesBuildPhase;
			buildActionMask = 2147483647;
			files = (
				873B8AEB1B1F5CCA007FD442 /* Main.storyboard in Resources */,
				7F8623581C9EDC2900C2429B /* LaunchScreen.storyboard in Resources */,
				6003F5A9195388D20070C39A /* Images.xcassets in Resources */,
				6003F598195388D20070C39A /* InfoPlist.strings in Resources */,
			);
			runOnlyForDeploymentPostprocessing = 0;
		};
		7FFCD7B51DC5F0FD001DE94D /* Resources */ = {
			isa = PBXResourcesBuildPhase;
			buildActionMask = 2147483647;
			files = (
			);
			runOnlyForDeploymentPostprocessing = 0;
		};
/* End PBXResourcesBuildPhase section */

/* Begin PBXShellScriptBuildPhase section */
		2CD25F1AD5A2A88FE74FC22C /* [CP] Copy Pods Resources */ = {
			isa = PBXShellScriptBuildPhase;
			buildActionMask = 2147483647;
			files = (
			);
			inputPaths = (
			);
			name = "[CP] Copy Pods Resources";
			outputPaths = (
			);
			runOnlyForDeploymentPostprocessing = 0;
			shellPath = /bin/sh;
			shellScript = "\"${SRCROOT}/Pods/Target Support Files/Pods-SRCoreDataStack_Example/Pods-SRCoreDataStack_Example-resources.sh\"\n";
			showEnvVarsInLog = 0;
		};
		3BA433024D7939F59F72D78B /* [CP] Check Pods Manifest.lock */ = {
			isa = PBXShellScriptBuildPhase;
			buildActionMask = 2147483647;
			files = (
			);
			inputPaths = (
			);
			name = "[CP] Check Pods Manifest.lock";
			outputPaths = (
			);
			runOnlyForDeploymentPostprocessing = 0;
			shellPath = /bin/sh;
			shellScript = "diff \"${PODS_ROOT}/../Podfile.lock\" \"${PODS_ROOT}/Manifest.lock\" > /dev/null\nif [ $? != 0 ] ; then\n    # print error to STDERR\n    echo \"error: The sandbox is not in sync with the Podfile.lock. Run 'pod install' or update your CocoaPods installation.\" >&2\n    exit 1\nfi\n";
			showEnvVarsInLog = 0;
		};
		4C5C5A8F6B1C6CED3F2D7214 /* [CP] Copy Pods Resources */ = {
			isa = PBXShellScriptBuildPhase;
			buildActionMask = 2147483647;
			files = (
			);
			inputPaths = (
			);
			name = "[CP] Copy Pods Resources";
			outputPaths = (
			);
			runOnlyForDeploymentPostprocessing = 0;
			shellPath = /bin/sh;
			shellScript = "\"${SRCROOT}/Pods/Target Support Files/Pods-SRCoreDataStack_ExampleTests/Pods-SRCoreDataStack_ExampleTests-resources.sh\"\n";
			showEnvVarsInLog = 0;
		};
		9A1D613ED02F31F52DBB5E7B /* [CP] Check Pods Manifest.lock */ = {
			isa = PBXShellScriptBuildPhase;
			buildActionMask = 2147483647;
			files = (
			);
			inputPaths = (
			);
			name = "[CP] Check Pods Manifest.lock";
			outputPaths = (
			);
			runOnlyForDeploymentPostprocessing = 0;
			shellPath = /bin/sh;
			shellScript = "diff \"${PODS_ROOT}/../Podfile.lock\" \"${PODS_ROOT}/Manifest.lock\" > /dev/null\nif [ $? != 0 ] ; then\n    # print error to STDERR\n    echo \"error: The sandbox is not in sync with the Podfile.lock. Run 'pod install' or update your CocoaPods installation.\" >&2\n    exit 1\nfi\n";
			showEnvVarsInLog = 0;
		};
		A1CDD90328F067AE8EA35839 /* [CP] Embed Pods Frameworks */ = {
			isa = PBXShellScriptBuildPhase;
			buildActionMask = 2147483647;
			files = (
			);
			inputPaths = (
			);
			name = "[CP] Embed Pods Frameworks";
			outputPaths = (
			);
			runOnlyForDeploymentPostprocessing = 0;
			shellPath = /bin/sh;
			shellScript = "\"${SRCROOT}/Pods/Target Support Files/Pods-SRCoreDataStack_Example/Pods-SRCoreDataStack_Example-frameworks.sh\"\n";
			showEnvVarsInLog = 0;
		};
		FDC2D712BAF2EA5C3E19EA18 /* [CP] Embed Pods Frameworks */ = {
			isa = PBXShellScriptBuildPhase;
			buildActionMask = 2147483647;
			files = (
			);
			inputPaths = (
			);
			name = "[CP] Embed Pods Frameworks";
			outputPaths = (
			);
			runOnlyForDeploymentPostprocessing = 0;
			shellPath = /bin/sh;
			shellScript = "\"${SRCROOT}/Pods/Target Support Files/Pods-SRCoreDataStack_ExampleTests/Pods-SRCoreDataStack_ExampleTests-frameworks.sh\"\n";
			showEnvVarsInLog = 0;
		};
/* End PBXShellScriptBuildPhase section */

/* Begin PBXSourcesBuildPhase section */
		6003F586195388D20070C39A /* Sources */ = {
			isa = PBXSourcesBuildPhase;
			buildActionMask = 2147483647;
			files = (
				7F3E742F1CAAE32400C3D920 /* MovieViewController.m in Sources */,
				7F3E742C1CAAE25700C3D920 /* MovieGenre.m in Sources */,
				6003F59E195388D20070C39A /* AppDelegate.m in Sources */,
				6003F59A195388D20070C39A /* main.m in Sources */,
				7F86235F1C9EF03B00C2429B /* BaseNetworking.m in Sources */,
				7F3E74291CAAE24700C3D920 /* Movie.m in Sources */,
				7F86235C1C9EDD2000C2429B /* Example.xcdatamodeld in Sources */,
				7F3E74321CAAE56500C3D920 /* FetchedResultsDelegate.m in Sources */,
			);
			runOnlyForDeploymentPostprocessing = 0;
		};
		7FFCD7B31DC5F0FD001DE94D /* Sources */ = {
			isa = PBXSourcesBuildPhase;
			buildActionMask = 2147483647;
			files = (
				7FFCD7C31DC5F21E001DE94D /* TesterStack.m in Sources */,
				7FFCD7CC1DC63883001DE94D /* IntrospectTests.m in Sources */,
				7FFCD7C61DC5F25B001DE94D /* Tester.xcdatamodeld in Sources */,
			);
			runOnlyForDeploymentPostprocessing = 0;
		};
/* End PBXSourcesBuildPhase section */

/* Begin PBXTargetDependency section */
		7FFCD7BD1DC5F0FD001DE94D /* PBXTargetDependency */ = {
			isa = PBXTargetDependency;
			target = 6003F589195388D20070C39A /* SRCoreDataStack_Example */;
			targetProxy = 7FFCD7BC1DC5F0FD001DE94D /* PBXContainerItemProxy */;
		};
/* End PBXTargetDependency section */

/* Begin PBXVariantGroup section */
		6003F596195388D20070C39A /* InfoPlist.strings */ = {
			isa = PBXVariantGroup;
			children = (
				6003F597195388D20070C39A /* en */,
			);
			name = InfoPlist.strings;
			sourceTree = "<group>";
		};
/* End PBXVariantGroup section */

/* Begin XCBuildConfiguration section */
		6003F5BD195388D20070C39A /* Debug */ = {
			isa = XCBuildConfiguration;
			buildSettings = {
				ALWAYS_SEARCH_USER_PATHS = NO;
				CLANG_CXX_LANGUAGE_STANDARD = "gnu++0x";
				CLANG_CXX_LIBRARY = "libc++";
				CLANG_ENABLE_MODULES = YES;
				CLANG_ENABLE_OBJC_ARC = YES;
				CLANG_WARN_BOOL_CONVERSION = YES;
				CLANG_WARN_CONSTANT_CONVERSION = YES;
				CLANG_WARN_DIRECT_OBJC_ISA_USAGE = YES_ERROR;
				CLANG_WARN_EMPTY_BODY = YES;
				CLANG_WARN_ENUM_CONVERSION = YES;
				CLANG_WARN_INT_CONVERSION = YES;
				CLANG_WARN_OBJC_ROOT_CLASS = YES_ERROR;
				CLANG_WARN__DUPLICATE_METHOD_MATCH = YES;
				"CODE_SIGN_IDENTITY[sdk=iphoneos*]" = "iPhone Developer";
				COPY_PHASE_STRIP = NO;
				ENABLE_TESTABILITY = YES;
				GCC_C_LANGUAGE_STANDARD = gnu99;
				GCC_DYNAMIC_NO_PIC = NO;
				GCC_OPTIMIZATION_LEVEL = 0;
				GCC_PREPROCESSOR_DEFINITIONS = (
					"DEBUG=1",
					"$(inherited)",
				);
				GCC_SYMBOLS_PRIVATE_EXTERN = NO;
				GCC_WARN_64_TO_32_BIT_CONVERSION = YES;
				GCC_WARN_ABOUT_RETURN_TYPE = YES_ERROR;
				GCC_WARN_UNDECLARED_SELECTOR = YES;
				GCC_WARN_UNINITIALIZED_AUTOS = YES_AGGRESSIVE;
				GCC_WARN_UNUSED_FUNCTION = YES;
				GCC_WARN_UNUSED_VARIABLE = YES;
				IPHONEOS_DEPLOYMENT_TARGET = 9.0;
				ONLY_ACTIVE_ARCH = YES;
				SDKROOT = iphoneos;
				TARGETED_DEVICE_FAMILY = "1,2";
			};
			name = Debug;
		};
		6003F5BE195388D20070C39A /* Release */ = {
			isa = XCBuildConfiguration;
			buildSettings = {
				ALWAYS_SEARCH_USER_PATHS = NO;
				CLANG_CXX_LANGUAGE_STANDARD = "gnu++0x";
				CLANG_CXX_LIBRARY = "libc++";
				CLANG_ENABLE_MODULES = YES;
				CLANG_ENABLE_OBJC_ARC = YES;
				CLANG_WARN_BOOL_CONVERSION = YES;
				CLANG_WARN_CONSTANT_CONVERSION = YES;
				CLANG_WARN_DIRECT_OBJC_ISA_USAGE = YES_ERROR;
				CLANG_WARN_EMPTY_BODY = YES;
				CLANG_WARN_ENUM_CONVERSION = YES;
				CLANG_WARN_INT_CONVERSION = YES;
				CLANG_WARN_OBJC_ROOT_CLASS = YES_ERROR;
				CLANG_WARN__DUPLICATE_METHOD_MATCH = YES;
				"CODE_SIGN_IDENTITY[sdk=iphoneos*]" = "iPhone Developer";
				COPY_PHASE_STRIP = YES;
				ENABLE_NS_ASSERTIONS = NO;
				GCC_C_LANGUAGE_STANDARD = gnu99;
				GCC_WARN_64_TO_32_BIT_CONVERSION = YES;
				GCC_WARN_ABOUT_RETURN_TYPE = YES_ERROR;
				GCC_WARN_UNDECLARED_SELECTOR = YES;
				GCC_WARN_UNINITIALIZED_AUTOS = YES_AGGRESSIVE;
				GCC_WARN_UNUSED_FUNCTION = YES;
				GCC_WARN_UNUSED_VARIABLE = YES;
				IPHONEOS_DEPLOYMENT_TARGET = 9.0;
				SDKROOT = iphoneos;
				TARGETED_DEVICE_FAMILY = "1,2";
				VALIDATE_PRODUCT = YES;
			};
			name = Release;
		};
		6003F5C0195388D20070C39A /* Debug */ = {
			isa = XCBuildConfiguration;
			baseConfigurationReference = 038D508E68DED0DD44CB74EA /* Pods-SRCoreDataStack_Example.debug.xcconfig */;
			buildSettings = {
				ASSETCATALOG_COMPILER_APPICON_NAME = AppIcon;
				ASSETCATALOG_COMPILER_LAUNCHIMAGE_NAME = LaunchImage;
				GCC_PRECOMPILE_PREFIX_HEADER = YES;
				GCC_PREFIX_HEADER = "SRCoreDataStack/SRCoreDataStack-Prefix.pch";
				INFOPLIST_FILE = "SRCoreDataStack/SRCoreDataStack-Info.plist";
				IPHONEOS_DEPLOYMENT_TARGET = 9.0;
				MODULE_NAME = ExampleApp;
				PRODUCT_BUNDLE_IDENTIFIER = "org.cocoapods.demo.${PRODUCT_NAME:rfc1034identifier}";
				PRODUCT_NAME = "$(TARGET_NAME)";
				WRAPPER_EXTENSION = app;
			};
			name = Debug;
		};
		6003F5C1195388D20070C39A /* Release */ = {
			isa = XCBuildConfiguration;
			baseConfigurationReference = A21B6E63667D7B9CA9A9B643 /* Pods-SRCoreDataStack_Example.release.xcconfig */;
			buildSettings = {
				ASSETCATALOG_COMPILER_APPICON_NAME = AppIcon;
				ASSETCATALOG_COMPILER_LAUNCHIMAGE_NAME = LaunchImage;
				GCC_PRECOMPILE_PREFIX_HEADER = YES;
				GCC_PREFIX_HEADER = "SRCoreDataStack/SRCoreDataStack-Prefix.pch";
				INFOPLIST_FILE = "SRCoreDataStack/SRCoreDataStack-Info.plist";
				IPHONEOS_DEPLOYMENT_TARGET = 9.0;
				MODULE_NAME = ExampleApp;
				PRODUCT_BUNDLE_IDENTIFIER = "org.cocoapods.demo.${PRODUCT_NAME:rfc1034identifier}";
				PRODUCT_NAME = "$(TARGET_NAME)";
				WRAPPER_EXTENSION = app;
			};
			name = Release;
		};
		7FFCD7BE1DC5F0FD001DE94D /* Debug */ = {
			isa = XCBuildConfiguration;
			baseConfigurationReference = 547EB030D277F3816A9BEDDE /* Pods-SRCoreDataStack_ExampleTests.debug.xcconfig */;
			buildSettings = {
				BUNDLE_LOADER = "$(TEST_HOST)";
				CLANG_ANALYZER_NONNULL = YES;
				CLANG_WARN_DOCUMENTATION_COMMENTS = YES;
				CLANG_WARN_INFINITE_RECURSION = YES;
				CLANG_WARN_SUSPICIOUS_MOVES = YES;
				CLANG_WARN_UNREACHABLE_CODE = YES;
				DEBUG_INFORMATION_FORMAT = dwarf;
				ENABLE_STRICT_OBJC_MSGSEND = YES;
				GCC_NO_COMMON_BLOCKS = YES;
				INFOPLIST_FILE = SRCoreDataStack_ExampleTests/Info.plist;
				IPHONEOS_DEPLOYMENT_TARGET = 10.1;
				LD_RUNPATH_SEARCH_PATHS = "$(inherited) @executable_path/Frameworks @loader_path/Frameworks";
				MTL_ENABLE_DEBUG_INFO = YES;
				PRODUCT_BUNDLE_IDENTIFIER = "com.hello.SRCoreDataStack-ExampleTests";
				PRODUCT_NAME = "$(TARGET_NAME)";
				TEST_HOST = "$(BUILT_PRODUCTS_DIR)/SRCoreDataStack_Example.app/SRCoreDataStack_Example";
			};
			name = Debug;
		};
		7FFCD7BF1DC5F0FD001DE94D /* Release */ = {
			isa = XCBuildConfiguration;
			baseConfigurationReference = D8D86FC0832DD0B5F36CBA60 /* Pods-SRCoreDataStack_ExampleTests.release.xcconfig */;
			buildSettings = {
				BUNDLE_LOADER = "$(TEST_HOST)";
				CLANG_ANALYZER_NONNULL = YES;
				CLANG_WARN_DOCUMENTATION_COMMENTS = YES;
				CLANG_WARN_INFINITE_RECURSION = YES;
				CLANG_WARN_SUSPICIOUS_MOVES = YES;
				CLANG_WARN_UNREACHABLE_CODE = YES;
				COPY_PHASE_STRIP = NO;
				DEBUG_INFORMATION_FORMAT = "dwarf-with-dsym";
				ENABLE_STRICT_OBJC_MSGSEND = YES;
				GCC_NO_COMMON_BLOCKS = YES;
				INFOPLIST_FILE = SRCoreDataStack_ExampleTests/Info.plist;
				IPHONEOS_DEPLOYMENT_TARGET = 10.1;
				LD_RUNPATH_SEARCH_PATHS = "$(inherited) @executable_path/Frameworks @loader_path/Frameworks";
				MTL_ENABLE_DEBUG_INFO = NO;
				PRODUCT_BUNDLE_IDENTIFIER = "com.hello.SRCoreDataStack-ExampleTests";
				PRODUCT_NAME = "$(TARGET_NAME)";
				TEST_HOST = "$(BUILT_PRODUCTS_DIR)/SRCoreDataStack_Example.app/SRCoreDataStack_Example";
			};
			name = Release;
		};
/* End XCBuildConfiguration section */

/* Begin XCConfigurationList section */
		6003F585195388D10070C39A /* Build configuration list for PBXProject "SRCoreDataStack" */ = {
			isa = XCConfigurationList;
			buildConfigurations = (
				6003F5BD195388D20070C39A /* Debug */,
				6003F5BE195388D20070C39A /* Release */,
			);
			defaultConfigurationIsVisible = 0;
			defaultConfigurationName = Release;
		};
		6003F5BF195388D20070C39A /* Build configuration list for PBXNativeTarget "SRCoreDataStack_Example" */ = {
			isa = XCConfigurationList;
			buildConfigurations = (
				6003F5C0195388D20070C39A /* Debug */,
				6003F5C1195388D20070C39A /* Release */,
			);
			defaultConfigurationIsVisible = 0;
			defaultConfigurationName = Release;
		};
		7FFCD7C01DC5F0FD001DE94D /* Build configuration list for PBXNativeTarget "SRCoreDataStack_ExampleTests" */ = {
			isa = XCConfigurationList;
			buildConfigurations = (
				7FFCD7BE1DC5F0FD001DE94D /* Debug */,
				7FFCD7BF1DC5F0FD001DE94D /* Release */,
			);
			defaultConfigurationIsVisible = 0;
			defaultConfigurationName = Release;
		};
/* End XCConfigurationList section */

/* Begin XCVersionGroup section */
		7F86235A1C9EDD2000C2429B /* Example.xcdatamodeld */ = {
			isa = XCVersionGroup;
			children = (
				7F86235B1C9EDD2000C2429B /* Example.xcdatamodel */,
			);
			currentVersion = 7F86235B1C9EDD2000C2429B /* Example.xcdatamodel */;
			path = Example.xcdatamodeld;
			sourceTree = "<group>";
			versionGroupType = wrapper.xcdatamodel;
		};
		7FFCD7C41DC5F25B001DE94D /* Tester.xcdatamodeld */ = {
			isa = XCVersionGroup;
			children = (
				7FFCD7C51DC5F25B001DE94D /* Tester.xcdatamodel */,
			);
			currentVersion = 7FFCD7C51DC5F25B001DE94D /* Tester.xcdatamodel */;
			path = Tester.xcdatamodeld;
			sourceTree = "<group>";
			versionGroupType = wrapper.xcdatamodel;
		};
/* End XCVersionGroup section */
	};
	rootObject = 6003F582195388D10070C39A /* Project object */;
}
